
Microsoft Visual Studio Solution File, Format Version 9.00
# Visual Studio 2005
Project("{8BC9CEB8-8B4A-11D0-8D11-00A0C91BC942}") = "TestDX", "TestDX.vcproj", "{2DC02081-B096-4FAB-B25A-FEADF9304785}"
	ProjectSection(WebsiteProperties) = preProject
		Debug.AspNetCompiler.Debug = "True"
		Release.AspNetCompiler.Debug = "False"
	EndProjectSection
	ProjectSection(ProjectDependencies) = postProject
		{C848079A-376B-4CD7-9541-BD824513680F} = {C848079A-376B-4CD7-9541-BD824513680F}
		{F5CCCFA2-4ECD-4855-B9A3-C139136A4D7B} = {F5CCCFA2-4ECD-4855-B9A3-C139136A4D7B}
		{39F82AE0-838E-42B7-B4C3-5D6A87D0A4F5} = {39F82AE0-838E-42B7-B4C3-5D6A87D0A4F5}
	EndProjectSection
EndProject
Project("{8BC9CEB8-8B4A-11D0-8D11-00A0C91BC942}") = "Tetris", "Tetris\Tetris.vcproj", "{C848079A-376B-4CD7-9541-BD824513680F}"
	ProjectSection(WebsiteProperties) = preProject
		Debug.AspNetCompiler.Debug = "True"
		Release.AspNetCompiler.Debug = "False"
	EndProjectSection
EndProject
Project("{8BC9CEB8-8B4A-11D0-8D11-00A0C91BC942}") = "tinyXML", "ToolLib\tinyXML\tinyXML.vcproj", "{F5CCCFA2-4ECD-4855-B9A3-C139136A4D7B}"
	ProjectSection(WebsiteProperties) = preProject
		Debug.AspNetCompiler.Debug = "True"
		Release.AspNetCompiler.Debug = "False"
	EndProjectSection
EndProject
Project("{8BC9CEB8-8B4A-11D0-8D11-00A0C91BC942}") = "UIEditorHelper", "UIEditorHelper\UIEditorHelper.vcproj", "{39F82AE0-838E-42B7-B4C3-5D6A87D0A4F5}"
	ProjectSection(WebsiteProperties) = preProject
		Debug.AspNetCompiler.Debug = "True"
		Release.AspNetCompiler.Debug = "False"
	EndProjectSection
EndProject
Global
	GlobalSection(SolutionConfigurationPlatforms) = preSolution
		Debug|Win32 = Debug|Win32
		Release|Win32 = Release|Win32
	EndGlobalSection
	GlobalSection(ProjectConfigurationPlatforms) = postSolution
		{2DC02081-B096-4FAB-B25A-FEADF9304785}.Debug|Win32.ActiveCfg = Debug|Win32
		{2DC02081-B096-4FAB-B25A-FEADF9304785}.Debug|Win32.Build.0 = Debug|Win32
		{2DC02081-B096-4FAB-B25A-FEADF9304785}.Release|Win32.ActiveCfg = Release|Win32
		{2DC02081-B096-4FAB-B25A-FEADF9304785}.Release|Win32.Build.0 = Release|Win32
		{C848079A-376B-4CD7-9541-BD824513680F}.Debug|Win32.ActiveCfg = Debug|Win32
		{C848079A-376B-4CD7-9541-BD824513680F}.Debug|Win32.Build.0 = Debug|Win32
		{C848079A-376B-4CD7-9541-BD824513680F}.Release|Win32.ActiveCfg = Release|Win32
		{C848079A-376B-4CD7-9541-BD824513680F}.Release|Win32.Build.0 = Release|Win32
		{F5CCCFA2-4ECD-4855-B9A3-C139136A4D7B}.Debug|Win32.ActiveCfg = Debug|Win32
		{F5CCCFA2-4ECD-4855-B9A3-C139136A4D7B}.Debug|Win32.Build.0 = Debug|Win32
		{F5CCCFA2-4ECD-4855-B9A3-C139136A4D7B}.Release|Win32.ActiveCfg = Release|Win32
		{F5CCCFA2-4ECD-4855-B9A3-C139136A4D7B}.Release|Win32.Build.0 = Release|Win32
		{39F82AE0-838E-42B7-B4C3-5D6A87D0A4F5}.Debug|Win32.ActiveCfg = Debug|Win32
		{39F82AE0-838E-42B7-B4C3-5D6A87D0A4F5}.Debug|Win32.Build.0 = Debug|Win32
		{39F82AE0-838E-42B7-B4C3-5D6A87D0A4F5}.Release|Win32.ActiveCfg = Release|Win32
		{39F82AE0-838E-42B7-B4C3-5D6A87D0A4F5}.Release|Win32.Build.0 = Release|Win32
	EndGlobalSection
	GlobalSection(SolutionProperties) = preSolution
		HideSolutionNode = FALSE
	EndGlobalSection
EndGlobal
